
Microsoft Visual Studio Solution File, Format Version 12.00
# Visual Studio 15
VisualStudioVersion = 15.0.26730.16
MinimumVisualStudioVersion = 10.0.40219.1
Project("{FAE04EC0-301F-11D3-BF4B-00C04F79EFBC}") = "WakfuRemake", "WakfuRemake\WakfuRemake.csproj", "{7739491D-68EF-4AD6-AF00-3A42421577BA}"
EndProject
Global
	GlobalSection(SolutionConfigurationPlatforms) = preSolution
		Debug|Any CPU = Debug|Any CPU
		Release|Any CPU = Release|Any CPU
	EndGlobalSection
	GlobalSection(ProjectConfigurationPlatforms) = postSolution
		{7739491D-68EF-4AD6-AF00-3A42421577BA}.Debug|Any CPU.ActiveCfg = Debug|Any CPU
		{7739491D-68EF-4AD6-AF00-3A42421577BA}.Debug|Any CPU.Build.0 = Debug|Any CPU
		{7739491D-68EF-4AD6-AF00-3A42421577BA}.Release|Any CPU.ActiveCfg = Release|Any CPU
		{7739491D-68EF-4AD6-AF00-3A42421577BA}.Release|Any CPU.Build.0 = Release|Any CPU
	EndGlobalSection
	GlobalSection(SolutionProperties) = preSolution
		HideSolutionNode = FALSE
	EndGlobalSection
	GlobalSection(ExtensibilityGlobals) = postSolution
		SolutionGuid = {333306F2-C1AA-4E53-979C-5DFF22094E95}
	EndGlobalSection
EndGlobal
